# This file is automatically @generated by Cargo.
# It is not intended for manual editing.
version = 4

[[package]]
name = "equivalent"
version = "1.0.2"
source = "registry+https://github.com/rust-lang/crates.io-index"
checksum = "877a4ace8713b0bcf2a4e7eec82529c029f1d0619886d18145fea96c3ffe5c0f"

[[package]]
name = "hashbrown"
version = "0.15.2"
source = "registry+https://github.com/rust-lang/crates.io-index"
checksum = "bf151400ff0baff5465007dd2f3e717f3fe502074ca563069ce3a6629d07b289"

[[package]]
name = "indexmap"
version = "2.7.1"
source = "registry+https://github.com/rust-lang/crates.io-index"
checksum = "8c9c992b02b5b4c94ea26e32fe5bccb7aa7d9f390ab5c1221ff895bc7ea8b652"
dependencies = [
 "equivalent",
 "hashbrown",
]

[[package]]
name = "loxide"
version = "0.1.0"
dependencies = [
 "loxide_lexer",
 "loxide_parse",
]

[[package]]
name = "loxide_ast"
version = "0.1.0"
dependencies = [
 "loxide_span",
]

[[package]]
name = "loxide_interpreter"
version = "0.1.0"

[[package]]
name = "loxide_lexer"
version = "0.1.0"

[[package]]
name = "loxide_parse"
version = "0.1.0"
dependencies = [
 "indexmap",
 "loxide_ast",
 "loxide_lexer",
 "loxide_span",
]

[[package]]
name = "loxide_span"
version = "0.1.0"
dependencies = [
 "indexmap",
 "typed-arena",
]

[[package]]
name = "typed-arena"
version = "2.0.2"
source = "registry+https://github.com/rust-lang/crates.io-index"
checksum = "6af6ae20167a9ece4bcb41af5b80f8a1f1df981f6391189ce00fd257af04126a"
